
Microsoft Visual Studio Solution File, Format Version 12.00
# Visual Studio Version 17
VisualStudioVersion = 17.0.31612.314
MinimumVisualStudioVersion = 10.0.40219.1
Project("{FAE04EC0-301F-11D3-BF4B-00C04F79EFBC}") = "MakePolicyFromApp", "MakePolicyFromApp.csproj", "{1E0E917A-3249-4903-B915-C1F9E13B7A85}"
EndProject
Global
	GlobalSection(SolutionConfigurationPlatforms) = preSolution
		Debug|Any CPU = Debug|Any CPU
		Release|Any CPU = Release|Any CPU
	EndGlobalSection
	GlobalSection(ProjectConfigurationPlatforms) = postSolution
		{1E0E917A-3249-4903-B915-C1F9E13B7A85}.Debug|Any CPU.ActiveCfg = Debug|Any CPU
		{1E0E917A-3249-4903-B915-C1F9E13B7A85}.Debug|Any CPU.Build.0 = Debug|Any CPU
		{1E0E917A-3249-4903-B915-C1F9E13B7A85}.Release|Any CPU.ActiveCfg = Release|Any CPU
		{1E0E917A-3249-4903-B915-C1F9E13B7A85}.Release|Any CPU.Build.0 = Release|Any CPU
	EndGlobalSection
	GlobalSection(SolutionProperties) = preSolution
		HideSolutionNode = FALSE
	EndGlobalSection
	GlobalSection(ExtensibilityGlobals) = postSolution
		SolutionGuid = {88B2BFB1-E559-4872-B1B7-ACAA9ED40C12}
	EndGlobalSection
EndGlobal
